{
  "name": "shri-ts-2021-template",
  "version": "1.0.0",
  "lockfileVersion": 2,
  "requires": true,
  "packages": {
    "": {
      "name": "shri-ts-2021-template",
      "version": "1.0.0",
      "license": "ISC",
      "devDependencies": {
        "prettier": "2.4.1",
        "typescript": "4.4.3"
      }
    },
    "node_modules/prettier": {
      "version": "2.4.1",
      "resolved": "https://repo.dev002.local/api/npm/npm/prettier/-/prettier-2.4.1.tgz",
      "integrity": "sha1-Zx4RyJwUpM/Ids5WQQbEpnJsn1w=",
      "dev": true,
      "license": "MIT",
      "bin": {
        "prettier": "bin-prettier.js"
      },
      "engines": {
        "node": ">=10.13.0"
      }
    },
    "node_modules/typescript": {
      "version": "4.4.3",
      "resolved": "https://repo.dev002.local/api/npm/npm/typescript/-/typescript-4.4.3.tgz",
      "integrity": "sha1-vcVAfKorEJ79T4L+EwZW+XeikyQ=",
      "dev": true,
      "license": "Apache-2.0",
      "bin": {
        "tsc": "bin/tsc",
        "tsserver": "bin/tsserver"
      },
      "engines": {
        "node": ">=4.2.0"
      }
    }
  },
  "dependencies": {
    "prettier": {
      "version": "2.4.1",
      "resolved": "https://repo.dev002.local/api/npm/npm/prettier/-/prettier-2.4.1.tgz",
      "integrity": "sha1-Zx4RyJwUpM/Ids5WQQbEpnJsn1w=",
      "dev": true
    },
    "typescript": {
      "version": "4.4.3",
      "resolved": "https://repo.dev002.local/api/npm/npm/typescript/-/typescript-4.4.3.tgz",
      "integrity": "sha1-vcVAfKorEJ79T4L+EwZW+XeikyQ=",
      "dev": true
    }
  }
}
